// !$*UTF8*$!
{
	archiveVersion = 1;
	classes = {
	};
	objectVersion = 46;
	objects = {

/* Begin PBXBuildFile section */
		1D3623260D0F684500981E51 /* HelloMonkeyAppDelegate.m in Sources */ = {isa = PBXBuildFile; fileRef = 1D3623250D0F684500981E51 /* HelloMonkeyAppDelegate.m */; };
		1D60589B0D05DD56006BFB54 /* main.m in Sources */ = {isa = PBXBuildFile; fileRef = 29B97316FDCFA39411CA2CEA /* main.m */; };
		1D60589F0D05DD5A006BFB54 /* Foundation.framework in Frameworks */ = {isa = PBXBuildFile; fileRef = 1D30AB110D05D00D00671497 /* Foundation.framework */; };
		1DF5F4E00D08C38300B7A737 /* UIKit.framework in Frameworks */ = {isa = PBXBuildFile; fileRef = 1DF5F4DF0D08C38300B7A737 /* UIKit.framework */; };
		288765A50DF7441C002DB57D /* CoreGraphics.framework in Frameworks */ = {isa = PBXBuildFile; fileRef = 288765A40DF7441C002DB57D /* CoreGraphics.framework */; };
		2899E5220DE3E06400AC0155 /* HelloMonkeyViewController.xib in Resources */ = {isa = PBXBuildFile; fileRef = 2899E5210DE3E06400AC0155 /* HelloMonkeyViewController.xib */; };
		28AD733F0D9D9553002E5188 /* MainWindow.xib in Resources */ = {isa = PBXBuildFile; fileRef = 28AD733E0D9D9553002E5188 /* MainWindow.xib */; };
		28D7ACF80DDB3853001CB0EB /* HelloMonkeyViewController.m in Sources */ = {isa = PBXBuildFile; fileRef = 28D7ACF70DDB3853001CB0EB /* HelloMonkeyViewController.m */; };
		4A080F8016CD5C37001A87FD /* libcrypto.a in Frameworks */ = {isa = PBXBuildFile; fileRef = 4A080F7D16CD5C37001A87FD /* libcrypto.a */; };
		4A080F8116CD5C37001A87FD /* libssl.a in Frameworks */ = {isa = PBXBuildFile; fileRef = 4A080F7E16CD5C37001A87FD /* libssl.a */; };
		4A080F8216CD5C37001A87FD /* libTwilioClient.a in Frameworks */ = {isa = PBXBuildFile; fileRef = 4A080F7F16CD5C37001A87FD /* libTwilioClient.a */; };
		80250E2B13B17073009B4E18 /* dial.png in Resources */ = {isa = PBXBuildFile; fileRef = 80250E2A13B17073009B4E18 /* dial.png */; };
		80250E4313B178C4009B4E18 /* AudioToolbox.framework in Frameworks */ = {isa = PBXBuildFile; fileRef = 80250E4213B178C4009B4E18 /* AudioToolbox.framework */; };
		80250E4713B178C9009B4E18 /* CFNetwork.framework in Frameworks */ = {isa = PBXBuildFile; fileRef = 80250E4613B178C9009B4E18 /* CFNetwork.framework */; };
		80250F3B13B2A88A009B4E18 /* SystemConfiguration.framework in Frameworks */ = {isa = PBXBuildFile; fileRef = 80250F3A13B2A88A009B4E18 /* SystemConfiguration.framework */; };
		8025114513B3C0C9009B4E18 /* hangup.png in Resources */ = {isa = PBXBuildFile; fileRef = 8025114413B3C0C9009B4E18 /* hangup.png */; };
		8025118113B3CE01009B4E18 /* MonkeyPhone.m in Sources */ = {isa = PBXBuildFile; fileRef = 8025118013B3CE01009B4E18 /* MonkeyPhone.m */; };
		804A5F2D13D0C3F400512DC5 /* icon.png in Resources */ = {isa = PBXBuildFile; fileRef = 804A5F2C13D0C3F400512DC5 /* icon.png */; };
		804E507814D23CB70040A80E /* AVFoundation.framework in Frameworks */ = {isa = PBXBuildFile; fileRef = 804E507714D23CB70040A80E /* AVFoundation.framework */; };
		8065A5ED14D224E700103B5B /* disconnect.wav in Resources */ = {isa = PBXBuildFile; fileRef = 8065A5EA14D224E700103B5B /* disconnect.wav */; };
		8065A5EE14D224E700103B5B /* incoming.wav in Resources */ = {isa = PBXBuildFile; fileRef = 8065A5EB14D224E700103B5B /* incoming.wav */; };
		8065A5EF14D224E700103B5B /* outgoing.wav in Resources */ = {isa = PBXBuildFile; fileRef = 8065A5EC14D224E700103B5B /* outgoing.wav */; };
/* End PBXBuildFile section */

/* Begin PBXFileReference section */
		1D30AB110D05D00D00671497 /* Foundation.framework */ = {isa = PBXFileReference; lastKnownFileType = wrapper.framework; name = Foundation.framework; path = System/Library/Frameworks/Foundation.framework; sourceTree = SDKROOT; };
		1D3623240D0F684500981E51 /* HelloMonkeyAppDelegate.h */ = {isa = PBXFileReference; fileEncoding = 4; lastKnownFileType = sourcecode.c.h; path = HelloMonkeyAppDelegate.h; sourceTree = "<group>"; };
		1D3623250D0F684500981E51 /* HelloMonkeyAppDelegate.m */ = {isa = PBXFileReference; fileEncoding = 4; lastKnownFileType = sourcecode.c.objc; path = HelloMonkeyAppDelegate.m; sourceTree = "<group>"; };
		1D6058910D05DD3D006BFB54 /* HelloMonkey.app */ = {isa = PBXFileReference; explicitFileType = wrapper.application; includeInIndex = 0; path = HelloMonkey.app; sourceTree = BUILT_PRODUCTS_DIR; };
		1DF5F4DF0D08C38300B7A737 /* UIKit.framework */ = {isa = PBXFileReference; lastKnownFileType = wrapper.framework; name = UIKit.framework; path = System/Library/Frameworks/UIKit.framework; sourceTree = SDKROOT; };
		288765A40DF7441C002DB57D /* CoreGraphics.framework */ = {isa = PBXFileReference; lastKnownFileType = wrapper.framework; name = CoreGraphics.framework; path = System/Library/Frameworks/CoreGraphics.framework; sourceTree = SDKROOT; };
		2899E5210DE3E06400AC0155 /* HelloMonkeyViewController.xib */ = {isa = PBXFileReference; lastKnownFileType = file.xib; path = HelloMonkeyViewController.xib; sourceTree = "<group>"; };
		28AD733E0D9D9553002E5188 /* MainWindow.xib */ = {isa = PBXFileReference; lastKnownFileType = file.xib; path = MainWindow.xib; sourceTree = "<group>"; };
		28D7ACF60DDB3853001CB0EB /* HelloMonkeyViewController.h */ = {isa = PBXFileReference; fileEncoding = 4; lastKnownFileType = sourcecode.c.h; path = HelloMonkeyViewController.h; sourceTree = "<group>"; };
		28D7ACF70DDB3853001CB0EB /* HelloMonkeyViewController.m */ = {isa = PBXFileReference; fileEncoding = 4; lastKnownFileType = sourcecode.c.objc; path = HelloMonkeyViewController.m; sourceTree = "<group>"; };
		29B97316FDCFA39411CA2CEA /* main.m */ = {isa = PBXFileReference; fileEncoding = 4; lastKnownFileType = sourcecode.c.objc; path = main.m; sourceTree = "<group>"; };
		32CA4F630368D1EE00C91783 /* HelloMonkey_Prefix.pch */ = {isa = PBXFileReference; fileEncoding = 4; lastKnownFileType = sourcecode.c.h; path = HelloMonkey_Prefix.pch; sourceTree = "<group>"; };
		4A080F7D16CD5C37001A87FD /* libcrypto.a */ = {isa = PBXFileReference; lastKnownFileType = archive.ar; name = libcrypto.a; path = ../../Libraries/libcrypto.a; sourceTree = "<group>"; };
		4A080F7E16CD5C37001A87FD /* libssl.a */ = {isa = PBXFileReference; lastKnownFileType = archive.ar; name = libssl.a; path = ../../Libraries/libssl.a; sourceTree = "<group>"; };
		4A080F7F16CD5C37001A87FD /* libTwilioClient.a */ = {isa = PBXFileReference; lastKnownFileType = archive.ar; name = libTwilioClient.a; path = ../../Libraries/libTwilioClient.a; sourceTree = "<group>"; };
		80250E2A13B17073009B4E18 /* dial.png */ = {isa = PBXFileReference; lastKnownFileType = image.png; name = dial.png; path = Images/dial.png; sourceTree = "<group>"; };
		80250E4213B178C4009B4E18 /* AudioToolbox.framework */ = {isa = PBXFileReference; lastKnownFileType = wrapper.framework; name = AudioToolbox.framework; path = System/Library/Frameworks/AudioToolbox.framework; sourceTree = SDKROOT; };
		80250E4613B178C9009B4E18 /* CFNetwork.framework */ = {isa = PBXFileReference; lastKnownFileType = wrapper.framework; name = CFNetwork.framework; path = System/Library/Frameworks/CFNetwork.framework; sourceTree = SDKROOT; };
		80250F3A13B2A88A009B4E18 /* SystemConfiguration.framework */ = {isa = PBXFileReference; lastKnownFileType = wrapper.framework; name = SystemConfiguration.framework; path = System/Library/Frameworks/SystemConfiguration.framework; sourceTree = SDKROOT; };
		8025114413B3C0C9009B4E18 /* hangup.png */ = {isa = PBXFileReference; lastKnownFileType = image.png; name = hangup.png; path = Images/hangup.png; sourceTree = "<group>"; };
		8025117F13B3CE01009B4E18 /* MonkeyPhone.h */ = {isa = PBXFileReference; fileEncoding = 4; lastKnownFileType = sourcecode.c.h; path = MonkeyPhone.h; sourceTree = "<group>"; };
		8025118013B3CE01009B4E18 /* MonkeyPhone.m */ = {isa = PBXFileReference; fileEncoding = 4; lastKnownFileType = sourcecode.c.objc; path = MonkeyPhone.m; sourceTree = "<group>"; };
		804A5F2C13D0C3F400512DC5 /* icon.png */ = {isa = PBXFileReference; lastKnownFileType = image.png; name = icon.png; path = Images/icon.png; sourceTree = "<group>"; };
		804E507714D23CB70040A80E /* AVFoundation.framework */ = {isa = PBXFileReference; lastKnownFileType = wrapper.framework; name = AVFoundation.framework; path = System/Library/Frameworks/AVFoundation.framework; sourceTree = SDKROOT; };
		8065A5EA14D224E700103B5B /* disconnect.wav */ = {isa = PBXFileReference; lastKnownFileType = audio.wav; name = disconnect.wav; path = ../../Resources/disconnect.wav; sourceTree = "<group>"; };
		8065A5EB14D224E700103B5B /* incoming.wav */ = {isa = PBXFileReference; lastKnownFileType = audio.wav; name = incoming.wav; path = ../../Resources/incoming.wav; sourceTree = "<group>"; };
		8065A5EC14D224E700103B5B /* outgoing.wav */ = {isa = PBXFileReference; lastKnownFileType = audio.wav; name = outgoing.wav; path = ../../Resources/outgoing.wav; sourceTree = "<group>"; };
		8D1107310486CEB800E47090 /* HelloMonkey-Info.plist */ = {isa = PBXFileReference; fileEncoding = 4; lastKnownFileType = text.plist.xml; path = "HelloMonkey-Info.plist"; plistStructureDefinitionIdentifier = "com.apple.xcode.plist.structure-definition.iphone.info-plist"; sourceTree = "<group>"; };
/* End PBXFileReference section */

/* Begin PBXFrameworksBuildPhase section */
		1D60588F0D05DD3D006BFB54 /* Frameworks */ = {
			isa = PBXFrameworksBuildPhase;
			buildActionMask = 2147483647;
			files = (
				4A080F8016CD5C37001A87FD /* libcrypto.a in Frameworks */,
				4A080F8116CD5C37001A87FD /* libssl.a in Frameworks */,
				4A080F8216CD5C37001A87FD /* libTwilioClient.a in Frameworks */,
				804E507814D23CB70040A80E /* AVFoundation.framework in Frameworks */,
				1D60589F0D05DD5A006BFB54 /* Foundation.framework in Frameworks */,
				1DF5F4E00D08C38300B7A737 /* UIKit.framework in Frameworks */,
				288765A50DF7441C002DB57D /* CoreGraphics.framework in Frameworks */,
				80250E4313B178C4009B4E18 /* AudioToolbox.framework in Frameworks */,
				80250E4713B178C9009B4E18 /* CFNetwork.framework in Frameworks */,
				80250F3B13B2A88A009B4E18 /* SystemConfiguration.framework in Frameworks */,
			);
			runOnlyForDeploymentPostprocessing = 0;
		};
/* End PBXFrameworksBuildPhase section */

/* Begin PBXGroup section */
		080E96DDFE201D6D7F000001 /* Classes */ = {
			isa = PBXGroup;
			children = (
				1D3623240D0F684500981E51 /* HelloMonkeyAppDelegate.h */,
				1D3623250D0F684500981E51 /* HelloMonkeyAppDelegate.m */,
				28D7ACF60DDB3853001CB0EB /* HelloMonkeyViewController.h */,
				28D7ACF70DDB3853001CB0EB /* HelloMonkeyViewController.m */,
				8025117F13B3CE01009B4E18 /* MonkeyPhone.h */,
				8025118013B3CE01009B4E18 /* MonkeyPhone.m */,
			);
			path = Classes;
			sourceTree = "<group>";
		};
		19C28FACFE9D520D11CA2CBB /* Products */ = {
			isa = PBXGroup;
			children = (
				1D6058910D05DD3D006BFB54 /* HelloMonkey.app */,
			);
			name = Products;
			sourceTree = "<group>";
		};
		29B97314FDCFA39411CA2CEA /* CustomTemplate */ = {
			isa = PBXGroup;
			children = (
				080E96DDFE201D6D7F000001 /* Classes */,
				29B97315FDCFA39411CA2CEA /* Other Sources */,
				29B97317FDCFA39411CA2CEA /* Resources */,
				29B97323FDCFA39411CA2CEA /* Frameworks */,
				19C28FACFE9D520D11CA2CBB /* Products */,
			);
			name = CustomTemplate;
			sourceTree = "<group>";
		};
		29B97315FDCFA39411CA2CEA /* Other Sources */ = {
			isa = PBXGroup;
			children = (
				32CA4F630368D1EE00C91783 /* HelloMonkey_Prefix.pch */,
				29B97316FDCFA39411CA2CEA /* main.m */,
			);
			name = "Other Sources";
			sourceTree = "<group>";
		};
		29B97317FDCFA39411CA2CEA /* Resources */ = {
			isa = PBXGroup;
			children = (
				2899E5210DE3E06400AC0155 /* HelloMonkeyViewController.xib */,
				28AD733E0D9D9553002E5188 /* MainWindow.xib */,
				8D1107310486CEB800E47090 /* HelloMonkey-Info.plist */,
				80250E2A13B17073009B4E18 /* dial.png */,
				8025114413B3C0C9009B4E18 /* hangup.png */,
				804A5F2C13D0C3F400512DC5 /* icon.png */,
				8065A5EA14D224E700103B5B /* disconnect.wav */,
				8065A5EB14D224E700103B5B /* incoming.wav */,
				8065A5EC14D224E700103B5B /* outgoing.wav */,
			);
			name = Resources;
			sourceTree = "<group>";
		};
		29B97323FDCFA39411CA2CEA /* Frameworks */ = {
			isa = PBXGroup;
			children = (
				1DF5F4DF0D08C38300B7A737 /* UIKit.framework */,
				1D30AB110D05D00D00671497 /* Foundation.framework */,
				288765A40DF7441C002DB57D /* CoreGraphics.framework */,
				80250E4213B178C4009B4E18 /* AudioToolbox.framework */,
				80250E4613B178C9009B4E18 /* CFNetwork.framework */,
				80250F3A13B2A88A009B4E18 /* SystemConfiguration.framework */,
				804E507714D23CB70040A80E /* AVFoundation.framework */,
				4A080F7D16CD5C37001A87FD /* libcrypto.a */,
				4A080F7E16CD5C37001A87FD /* libssl.a */,
				4A080F7F16CD5C37001A87FD /* libTwilioClient.a */,
			);
			name = Frameworks;
			sourceTree = "<group>";
		};
/* End PBXGroup section */

/* Begin PBXNativeTarget section */
		1D6058900D05DD3D006BFB54 /* HelloMonkey */ = {
			isa = PBXNativeTarget;
			buildConfigurationList = 1D6058960D05DD3E006BFB54 /* Build configuration list for PBXNativeTarget "HelloMonkey" */;
			buildPhases = (
				1D60588D0D05DD3D006BFB54 /* Resources */,
				1D60588E0D05DD3D006BFB54 /* Sources */,
				1D60588F0D05DD3D006BFB54 /* Frameworks */,
			);
			buildRules = (
			);
			dependencies = (
			);
			name = HelloMonkey;
			productName = HelloMonkey;
			productReference = 1D6058910D05DD3D006BFB54 /* HelloMonkey.app */;
			productType = "com.apple.product-type.application";
		};
/* End PBXNativeTarget section */

/* Begin PBXProject section */
		29B97313FDCFA39411CA2CEA /* Project object */ = {
			isa = PBXProject;
			buildConfigurationList = C01FCF4E08A954540054247B /* Build configuration list for PBXProject "HelloMonkey" */;
			compatibilityVersion = "Xcode 3.2";
			developmentRegion = English;
			hasScannedForEncodings = 1;
			knownRegions = (
				English,
				Japanese,
				French,
				German,
			);
			mainGroup = 29B97314FDCFA39411CA2CEA /* CustomTemplate */;
			projectDirPath = "";
			projectRoot = "";
			targets = (
				1D6058900D05DD3D006BFB54 /* HelloMonkey */,
			);
		};
/* End PBXProject section */

/* Begin PBXResourcesBuildPhase section */
		1D60588D0D05DD3D006BFB54 /* Resources */ = {
			isa = PBXResourcesBuildPhase;
			buildActionMask = 2147483647;
			files = (
				28AD733F0D9D9553002E5188 /* MainWindow.xib in Resources */,
				2899E5220DE3E06400AC0155 /* HelloMonkeyViewController.xib in Resources */,
				80250E2B13B17073009B4E18 /* dial.png in Resources */,
				8025114513B3C0C9009B4E18 /* hangup.png in Resources */,
				804A5F2D13D0C3F400512DC5 /* icon.png in Resources */,
				8065A5ED14D224E700103B5B /* disconnect.wav in Resources */,
				8065A5EE14D224E700103B5B /* incoming.wav in Resources */,
				8065A5EF14D224E700103B5B /* outgoing.wav in Resources */,
			);
			runOnlyForDeploymentPostprocessing = 0;
		};
/* End PBXResourcesBuildPhase section */

/* Begin PBXSourcesBuildPhase section */
		1D60588E0D05DD3D006BFB54 /* Sources */ = {
			isa = PBXSourcesBuildPhase;
			buildActionMask = 2147483647;
			files = (
				1D60589B0D05DD56006BFB54 /* main.m in Sources */,
				1D3623260D0F684500981E51 /* HelloMonkeyAppDelegate.m in Sources */,
				28D7ACF80DDB3853001CB0EB /* HelloMonkeyViewController.m in Sources */,
				8025118113B3CE01009B4E18 /* MonkeyPhone.m in Sources */,
			);
			runOnlyForDeploymentPostprocessing = 0;
		};
/* End PBXSourcesBuildPhase section */

/* Begin XCBuildConfiguration section */
		1D6058940D05DD3E006BFB54 /* Debug */ = {
			isa = XCBuildConfiguration;
			buildSettings = {
				ALWAYS_SEARCH_USER_PATHS = NO;
				COPY_PHASE_STRIP = NO;
				GCC_DYNAMIC_NO_PIC = NO;
				GCC_OPTIMIZATION_LEVEL = 0;
				GCC_PRECOMPILE_PREFIX_HEADER = YES;
				GCC_PREFIX_HEADER = HelloMonkey_Prefix.pch;
				HEADER_SEARCH_PATHS = "\"$(SRCROOT)/../../Headers\"";
				INFOPLIST_FILE = "HelloMonkey-Info.plist";
				IPHONEOS_DEPLOYMENT_TARGET = 4.2;
				LIBRARY_SEARCH_PATHS = (
					"$(inherited)",
					"\"$(SRCROOT)/../..\"",
					"\"$(SRCROOT)/../../Libraries\"",
				);
				OTHER_LDFLAGS = (
					"-ObjC",
					"-all_load",
				);
				PRODUCT_NAME = HelloMonkey;
			};
			name = Debug;
		};
		1D6058950D05DD3E006BFB54 /* Release */ = {
			isa = XCBuildConfiguration;
			buildSettings = {
				ALWAYS_SEARCH_USER_PATHS = NO;
				COPY_PHASE_STRIP = YES;
				GCC_PRECOMPILE_PREFIX_HEADER = YES;
				GCC_PREFIX_HEADER = HelloMonkey_Prefix.pch;
				HEADER_SEARCH_PATHS = "\"$(SRCROOT)/../../Headers\"";
				INFOPLIST_FILE = "HelloMonkey-Info.plist";
				IPHONEOS_DEPLOYMENT_TARGET = 4.2;
				LIBRARY_SEARCH_PATHS = (
					"$(inherited)",
					"\"$(SRCROOT)/../..\"",
					"\"$(SRCROOT)/../../Libraries\"",
				);
				OTHER_LDFLAGS = (
					"-ObjC",
					"-all_load",
				);
				PRODUCT_NAME = HelloMonkey;
				VALIDATE_PRODUCT = YES;
			};
			name = Release;
		};
		C01FCF4F08A954540054247B /* Debug */ = {
			isa = XCBuildConfiguration;
			buildSettings = {
				ARCHS = "$(ARCHS_STANDARD_32_BIT)";
				"CODE_SIGN_IDENTITY[sdk=iphoneos*]" = "iPhone Developer";
				GCC_C_LANGUAGE_STANDARD = c99;
				GCC_WARN_ABOUT_RETURN_TYPE = YES;
				GCC_WARN_UNUSED_VARIABLE = YES;
				PREBINDING = NO;
				SDKROOT = iphoneos;
				TARGETED_DEVICE_FAMILY = "1,2";
			};
			name = Debug;
		};
		C01FCF5008A954540054247B /* Release */ = {
			isa = XCBuildConfiguration;
			buildSettings = {
				ARCHS = "$(ARCHS_STANDARD_32_BIT)";
				"CODE_SIGN_IDENTITY[sdk=iphoneos*]" = "iPhone Developer";
				GCC_C_LANGUAGE_STANDARD = c99;
				GCC_WARN_ABOUT_RETURN_TYPE = YES;
				GCC_WARN_UNUSED_VARIABLE = YES;
				OTHER_CFLAGS = "-DNS_BLOCK_ASSERTIONS=1";
				PREBINDING = NO;
				SDKROOT = iphoneos;
				TARGETED_DEVICE_FAMILY = "1,2";
			};
			name = Release;
		};
/* End XCBuildConfiguration section */

/* Begin XCConfigurationList section */
		1D6058960D05DD3E006BFB54 /* Build configuration list for PBXNativeTarget "HelloMonkey" */ = {
			isa = XCConfigurationList;
			buildConfigurations = (
				1D6058940D05DD3E006BFB54 /* Debug */,
				1D6058950D05DD3E006BFB54 /* Release */,
			);
			defaultConfigurationIsVisible = 0;
			defaultConfigurationName = Release;
		};
		C01FCF4E08A954540054247B /* Build configuration list for PBXProject "HelloMonkey" */ = {
			isa = XCConfigurationList;
			buildConfigurations = (
				C01FCF4F08A954540054247B /* Debug */,
				C01FCF5008A954540054247B /* Release */,
			);
			defaultConfigurationIsVisible = 0;
			defaultConfigurationName = Release;
		};
/* End XCConfigurationList section */
	};
	rootObject = 29B97313FDCFA39411CA2CEA /* Project object */;
}
